// !$*UTF8*$!
{
	archiveVersion = 1;
	classes = {
	};
	objectVersion = 77;
	objects = {

/* Begin PBXBuildFile section */
		0213A872733D259A3BBDF6F4 /* LiveAudioCodec.swift in Sources */ = {isa = PBXBuildFile; fileRef = 34D42BC7C4F4259A2927A38A /* LiveAudioCodec.swift */; };
		0449A72BD2E2E764A0B15A3D /* soap-bubble.png in Resources */ = {isa = PBXBuildFile; fileRef = 2F0A5E3ADF9EDCA4528985EC /* soap-bubble.png */; };
		073729CF24A478FD0F52BCD7 /* CompanionConnection.swift in Sources */ = {isa = PBXBuildFile; fileRef = A5AC4486CAA1AF39BABA4B47 /* CompanionConnection.swift */; };
		21D9848556ABF7D6E57A9787 /* SettingsView.swift in Sources */ = {isa = PBXBuildFile; fileRef = 1B616BD799EFB23CBDAF0A45 /* SettingsView.swift */; };
		39636822301E349800CD562D /* chime Watch App.app in Embed Watch Content */ = {isa = PBXBuildFile; fileRef = 39636821301E349800CD562D /* chime Watch App.app */; settings = {ATTRIBUTES = (RemoveHeadersOnCopy, ); }; };
		59627CBB8D80CAADD188BEEA /* Message.swift in Sources */ = {isa = PBXBuildFile; fileRef = C662833D5E0BE9B2B7C15C8C /* Message.swift */; };
		5F9B095FCBD81DF95AC80DE1 /* VoiceControlView.swift in Sources */ = {isa = PBXBuildFile; fileRef = DE745F5542B7439451A3D4AF /* VoiceControlView.swift */; };
		6926598D7C5C7734B98885E9 /* MessageListView.swift in Sources */ = {isa = PBXBuildFile; fileRef = 2A03A13286D0CBD3F0DA5556 /* MessageListView.swift */; };
		6CEA21DA98675D116FF6F7EC /* SharedAssets.xcassets in Resources */ = {isa = PBXBuildFile; fileRef = C08B2512F9AA5C149C460F31 /* SharedAssets.xcassets */; };
		7832D1537F240007DCF95E71 /* AppSettings.swift in Sources */ = {isa = PBXBuildFile; fileRef = A9E84C1AB1BEE191C70A6E4D /* AppSettings.swift */; };
		7B1AA0D3A150AFC4C15214D0 /* Foundation.framework in Frameworks */ = {isa = PBXBuildFile; fileRef = 96E9F94EF49C1DBB63F8A15B /* Foundation.framework */; };
		81BDB79D065A02B17F126934 /* ChimeWidget.swift in Sources */ = {isa = PBXBuildFile; fileRef = 60CE7072C6547C6F3B7BEB48 /* ChimeWidget.swift */; };
		8611C31B2E7AAEC6E18B7A20 /* ChimeNavigation.swift in Sources */ = {isa = PBXBuildFile; fileRef = 1EFAFC4174D6AB7DD6C657F9 /* ChimeNavigation.swift */; };
		8D23B3ADBA6E4135C1A68CC3 /* ContentView.swift in Sources */ = {isa = PBXBuildFile; fileRef = 83501427EA79C2F5577A111E /* ContentView.swift */; };
		A0F0BD93822ACAD175D09FED /* ChimeShortcuts.swift in Sources */ = {isa = PBXBuildFile; fileRef = ACB63E8CC9DA0C1013DB61AE /* ChimeShortcuts.swift */; };
		AD66938E6CA8F1C6976FD92D /* ConnectionSettingsView.swift in Sources */ = {isa = PBXBuildFile; fileRef = 79F022FB2B242B83B87DB84B /* ConnectionSettingsView.swift */; };
		B6E043961CA81E329DAF7C39 /* AgentSessionManager.swift in Sources */ = {isa = PBXBuildFile; fileRef = 0B7D145955BD2AA5D6F1ACD8 /* AgentSessionManager.swift */; };
		C587EEA366BD0932EAC18551 /* Assets.xcassets in Resources */ = {isa = PBXBuildFile; fileRef = A680E2999047690004915530 /* Assets.xcassets */; };
		CDEB14ABD2DD977A0270A633 /* chimeApp.swift in Sources */ = {isa = PBXBuildFile; fileRef = 50B2E88A44183E431C0A62B2 /* chimeApp.swift */; };
		D00DCFB3C6283F1DC5517BCD /* ConversationStore.swift in Sources */ = {isa = PBXBuildFile; fileRef = 3E8C3C209C5332CF8D3B5D78 /* ConversationStore.swift */; };
		D82BD1EB1F00FACB08C7E8F8 /* MemoryStore.swift in Sources */ = {isa = PBXBuildFile; fileRef = 4FD0A0C9D42F67078F4D6B3C /* MemoryStore.swift */; };
		D98BA5BA46BA8EABB436E7DE /* PrivacyInfo.xcprivacy in Resources */ = {isa = PBXBuildFile; fileRef = F06A4149844E8B6BE12F00A1 /* PrivacyInfo.xcprivacy */; };
		ED80738D3C9F49BE085F865E /* Chime Widgets.appex in Embed App Extensions */ = {isa = PBXBuildFile; fileRef = 03321FEDF8462E4D150A7E18 /* Chime Widgets.appex */; settings = {ATTRIBUTES = (RemoveHeadersOnCopy, ); }; };
		F456F0DDCBDFAE41AB6E2CE6 /* SoapBubbleView.swift in Sources */ = {isa = PBXBuildFile; fileRef = 84CCB358716D74A5AFF0E5E3 /* SoapBubbleView.swift */; };
/* End PBXBuildFile section */

/* Begin PBXContainerItemProxy section */
		39636823301E349800CD562D /* PBXContainerItemProxy */ = {
			isa = PBXContainerItemProxy;
			containerPortal = 39636815301E349800CD562D /* Project object */;
			proxyType = 1;
			remoteGlobalIDString = 39636820301E349800CD562D;
			remoteInfo = "chime Watch App";
		};
		98CAF74B650E07311934EFA7 /* PBXContainerItemProxy */ = {
			isa = PBXContainerItemProxy;
			containerPortal = 39636815301E349800CD562D /* Project object */;
			proxyType = 1;
			remoteGlobalIDString = 8FD1736AF651F8578D26351B;
			remoteInfo = "Chime Widgets";
		};
/* End PBXContainerItemProxy section */

/* Begin PBXCopyFilesBuildPhase section */
		39636831301E349900CD562D /* Embed Watch Content */ = {
			isa = PBXCopyFilesBuildPhase;
			buildActionMask = 2147483647;
			dstPath = "$(CONTENTS_FOLDER_PATH)/Watch";
			dstSubfolderSpec = 16;
			files = (
				39636822301E349800CD562D /* chime Watch App.app in Embed Watch Content */,
			);
			name = "Embed Watch Content";
			runOnlyForDeploymentPostprocessing = 0;
		};
		BE0900D124F91336F26FF950 /* Embed App Extensions */ = {
			isa = PBXCopyFilesBuildPhase;
			buildActionMask = 2147483647;
			dstPath = "";
			dstSubfolderSpec = 13;
			files = (
				ED80738D3C9F49BE085F865E /* Chime Widgets.appex in Embed App Extensions */,
			);
			name = "Embed App Extensions";
			runOnlyForDeploymentPostprocessing = 0;
		};
/* End PBXCopyFilesBuildPhase section */

/* Begin PBXFileReference section */
		03321FEDF8462E4D150A7E18 /* Chime Widgets.appex */ = {isa = PBXFileReference; explicitFileType = "wrapper.app-extension"; includeInIndex = 0; path = "Chime Widgets.appex"; sourceTree = BUILT_PRODUCTS_DIR; };
		0B7D145955BD2AA5D6F1ACD8 /* AgentSessionManager.swift */ = {isa = PBXFileReference; includeInIndex = 1; lastKnownFileType = sourcecode.swift; name = AgentSessionManager.swift; path = "chime Watch App/Managers/AgentSessionManager.swift"; sourceTree = "<group>"; };
		1B616BD799EFB23CBDAF0A45 /* SettingsView.swift */ = {isa = PBXFileReference; includeInIndex = 1; lastKnownFileType = sourcecode.swift; name = SettingsView.swift; path = "chime Watch App/Views/SettingsView.swift"; sourceTree = "<group>"; };
		1EFAFC4174D6AB7DD6C657F9 /* ChimeNavigation.swift */ = {isa = PBXFileReference; includeInIndex = 1; lastKnownFileType = sourcecode.swift; name = ChimeNavigation.swift; path = "chime Watch App/Models/ChimeNavigation.swift"; sourceTree = "<group>"; };
		2A03A13286D0CBD3F0DA5556 /* MessageListView.swift */ = {isa = PBXFileReference; includeInIndex = 1; lastKnownFileType = sourcecode.swift; name = MessageListView.swift; path = "chime Watch App/Views/MessageListView.swift"; sourceTree = "<group>"; };
		2F0A5E3ADF9EDCA4528985EC /* soap-bubble.png */ = {isa = PBXFileReference; includeInIndex = 1; lastKnownFileType = image.png; name = "soap-bubble.png"; path = "chime Watch App/Assets.xcassets/SoapBubble.imageset/soap-bubble.png"; sourceTree = "<group>"; };
		34D42BC7C4F4259A2927A38A /* LiveAudioCodec.swift */ = {isa = PBXFileReference; includeInIndex = 1; lastKnownFileType = sourcecode.swift; name = LiveAudioCodec.swift; path = "chime Watch App/Managers/LiveAudioCodec.swift"; sourceTree = "<group>"; };
		3963681B301E349800CD562D /* chime.app */ = {isa = PBXFileReference; explicitFileType = wrapper.application; includeInIndex = 0; path = chime.app; sourceTree = BUILT_PRODUCTS_DIR; };
		39636821301E349800CD562D /* chime Watch App.app */ = {isa = PBXFileReference; explicitFileType = wrapper.application; includeInIndex = 0; path = "chime Watch App.app"; sourceTree = BUILT_PRODUCTS_DIR; };
		3E8C3C209C5332CF8D3B5D78 /* ConversationStore.swift */ = {isa = PBXFileReference; includeInIndex = 1; lastKnownFileType = sourcecode.swift; name = ConversationStore.swift; path = "chime Watch App/Managers/ConversationStore.swift"; sourceTree = "<group>"; };
		4FD0A0C9D42F67078F4D6B3C /* MemoryStore.swift */ = {isa = PBXFileReference; includeInIndex = 1; lastKnownFileType = sourcecode.swift; name = MemoryStore.swift; path = "chime Watch App/Managers/MemoryStore.swift"; sourceTree = "<group>"; };
		50B2E88A44183E431C0A62B2 /* chimeApp.swift */ = {isa = PBXFileReference; includeInIndex = 1; lastKnownFileType = sourcecode.swift; name = chimeApp.swift; path = "chime Watch App/chimeApp.swift"; sourceTree = "<group>"; };
		60CE7072C6547C6F3B7BEB48 /* ChimeWidget.swift */ = {isa = PBXFileReference; includeInIndex = 1; lastKnownFileType = sourcecode.swift; path = ChimeWidget.swift; sourceTree = "<group>"; };
		7758F76DC33CED0B71B14612 /* Info.plist */ = {isa = PBXFileReference; includeInIndex = 1; lastKnownFileType = text.plist.xml; path = Info.plist; sourceTree = "<group>"; };
		79F022FB2B242B83B87DB84B /* ConnectionSettingsView.swift */ = {isa = PBXFileReference; includeInIndex = 1; lastKnownFileType = sourcecode.swift; name = ConnectionSettingsView.swift; path = "chime Watch App/Views/ConnectionSettingsView.swift"; sourceTree = "<group>"; };
		83501427EA79C2F5577A111E /* ContentView.swift */ = {isa = PBXFileReference; includeInIndex = 1; lastKnownFileType = sourcecode.swift; name = ContentView.swift; path = "chime Watch App/Views/ContentView.swift"; sourceTree = "<group>"; };
		84CCB358716D74A5AFF0E5E3 /* SoapBubbleView.swift */ = {isa = PBXFileReference; includeInIndex = 1; lastKnownFileType = sourcecode.swift; name = SoapBubbleView.swift; path = "chime Watch App/Views/SoapBubbleView.swift"; sourceTree = "<group>"; };
		96E9F94EF49C1DBB63F8A15B /* Foundation.framework */ = {isa = PBXFileReference; lastKnownFileType = wrapper.framework; name = Foundation.framework; path = System/Library/Frameworks/Foundation.framework; sourceTree = SDKROOT; };
		A5AC4486CAA1AF39BABA4B47 /* CompanionConnection.swift */ = {isa = PBXFileReference; includeInIndex = 1; lastKnownFileType = sourcecode.swift; name = CompanionConnection.swift; path = "chime Watch App/Managers/CompanionConnection.swift"; sourceTree = "<group>"; };
		A680E2999047690004915530 /* Assets.xcassets */ = {isa = PBXFileReference; includeInIndex = 1; lastKnownFileType = folder.assetcatalog; name = Assets.xcassets; path = ios/Assets.xcassets; sourceTree = "<group>"; };
		A9E84C1AB1BEE191C70A6E4D /* AppSettings.swift */ = {isa = PBXFileReference; includeInIndex = 1; lastKnownFileType = sourcecode.swift; name = AppSettings.swift; path = "chime Watch App/Models/AppSettings.swift"; sourceTree = "<group>"; };
		ACB63E8CC9DA0C1013DB61AE /* ChimeShortcuts.swift */ = {isa = PBXFileReference; includeInIndex = 1; lastKnownFileType = sourcecode.swift; name = ChimeShortcuts.swift; path = "chime Watch App/ChimeShortcuts.swift"; sourceTree = "<group>"; };
		C08B2512F9AA5C149C460F31 /* SharedAssets.xcassets */ = {isa = PBXFileReference; includeInIndex = 1; lastKnownFileType = folder.assetcatalog; name = SharedAssets.xcassets; path = ios/SharedAssets.xcassets; sourceTree = "<group>"; };
		C662833D5E0BE9B2B7C15C8C /* Message.swift */ = {isa = PBXFileReference; includeInIndex = 1; lastKnownFileType = sourcecode.swift; name = Message.swift; path = "chime Watch App/Models/Message.swift"; sourceTree = "<group>"; };
		DE745F5542B7439451A3D4AF /* VoiceControlView.swift */ = {isa = PBXFileReference; includeInIndex = 1; lastKnownFileType = sourcecode.swift; name = VoiceControlView.swift; path = "chime Watch App/Views/VoiceControlView.swift"; sourceTree = "<group>"; };
		F06A4149844E8B6BE12F00A1 /* PrivacyInfo.xcprivacy */ = {isa = PBXFileReference; includeInIndex = 1; name = PrivacyInfo.xcprivacy; path = "chime Watch App/PrivacyInfo.xcprivacy"; sourceTree = "<group>"; };
/* End PBXFileReference section */

/* Begin PBXFileSystemSynchronizedRootGroup section */
		39636825301E349800CD562D /* chime Watch App */ = {
			isa = PBXFileSystemSynchronizedRootGroup;
			exceptions = (
			);
			path = "chime Watch App";
			sourceTree = "<group>";
		};
/* End PBXFileSystemSynchronizedRootGroup section */

/* Begin PBXFrameworksBuildPhase section */
		3963681E301E349800CD562D /* Frameworks */ = {
			isa = PBXFrameworksBuildPhase;
			buildActionMask = 2147483647;
			files = (
			);
			runOnlyForDeploymentPostprocessing = 0;
		};
		FC646C7F44C2D7F8ACD8937D /* Frameworks */ = {
			isa = PBXFrameworksBuildPhase;
			buildActionMask = 2147483647;
			files = (
				7B1AA0D3A150AFC4C15214D0 /* Foundation.framework in Frameworks */,
			);
			runOnlyForDeploymentPostprocessing = 0;
		};
/* End PBXFrameworksBuildPhase section */

/* Begin PBXGroup section */
		0F9A41791FF19766B3F6F998 /* Frameworks */ = {
			isa = PBXGroup;
			children = (
				348F804624FC3C870A29789E /* watchOS */,
			);
			name = Frameworks;
			sourceTree = "<group>";
		};
		348F804624FC3C870A29789E /* watchOS */ = {
			isa = PBXGroup;
			children = (
				96E9F94EF49C1DBB63F8A15B /* Foundation.framework */,
			);
			name = watchOS;
			sourceTree = "<group>";
		};
		39636814301E349800CD562D = {
			isa = PBXGroup;
			children = (
				39636825301E349800CD562D /* chime Watch App */,
				3963681C301E349800CD562D /* Products */,
				0F9A41791FF19766B3F6F998 /* Frameworks */,
				5FA9A5E033344EE5AF8C92DC /* Chime Widgets */,
				2F0A5E3ADF9EDCA4528985EC /* soap-bubble.png */,
				9F991EEF6A56957CE735639E /* Shared iPhone Sources */,
				C08B2512F9AA5C149C460F31 /* SharedAssets.xcassets */,
			);
			sourceTree = "<group>";
		};
		3963681C301E349800CD562D /* Products */ = {
			isa = PBXGroup;
			children = (
				3963681B301E349800CD562D /* chime.app */,
				39636821301E349800CD562D /* chime Watch App.app */,
				03321FEDF8462E4D150A7E18 /* Chime Widgets.appex */,
			);
			name = Products;
			sourceTree = "<group>";
		};
		5FA9A5E033344EE5AF8C92DC /* Chime Widgets */ = {
			isa = PBXGroup;
			children = (
				60CE7072C6547C6F3B7BEB48 /* ChimeWidget.swift */,
				7758F76DC33CED0B71B14612 /* Info.plist */,
			);
			name = "Chime Widgets";
			path = "Chime Widgets";
			sourceTree = "<group>";
		};
		9F991EEF6A56957CE735639E /* Shared iPhone Sources */ = {
			isa = PBXGroup;
			children = (
				ACB63E8CC9DA0C1013DB61AE /* ChimeShortcuts.swift */,
				0B7D145955BD2AA5D6F1ACD8 /* AgentSessionManager.swift */,
				A5AC4486CAA1AF39BABA4B47 /* CompanionConnection.swift */,
				3E8C3C209C5332CF8D3B5D78 /* ConversationStore.swift */,
				34D42BC7C4F4259A2927A38A /* LiveAudioCodec.swift */,
				4FD0A0C9D42F67078F4D6B3C /* MemoryStore.swift */,
				A9E84C1AB1BEE191C70A6E4D /* AppSettings.swift */,
				1EFAFC4174D6AB7DD6C657F9 /* ChimeNavigation.swift */,
				C662833D5E0BE9B2B7C15C8C /* Message.swift */,
				79F022FB2B242B83B87DB84B /* ConnectionSettingsView.swift */,
				83501427EA79C2F5577A111E /* ContentView.swift */,
				2A03A13286D0CBD3F0DA5556 /* MessageListView.swift */,
				1B616BD799EFB23CBDAF0A45 /* SettingsView.swift */,
				84CCB358716D74A5AFF0E5E3 /* SoapBubbleView.swift */,
				DE745F5542B7439451A3D4AF /* VoiceControlView.swift */,
				50B2E88A44183E431C0A62B2 /* chimeApp.swift */,
				A680E2999047690004915530 /* Assets.xcassets */,
				F06A4149844E8B6BE12F00A1 /* PrivacyInfo.xcprivacy */,
			);
			name = "Shared iPhone Sources";
			sourceTree = "<group>";
		};
/* End PBXGroup section */

/* Begin PBXNativeTarget section */
		3963681A301E349800CD562D /* chime */ = {
			isa = PBXNativeTarget;
			buildConfigurationList = 39636832301E349900CD562D /* Build configuration list for PBXNativeTarget "chime" */;
			buildPhases = (
				39636819301E349800CD562D /* Resources */,
				39636831301E349900CD562D /* Embed Watch Content */,
				A6DB26D4240595DF45D23D5D /* Sources */,
			);
			buildRules = (
			);
			dependencies = (
				39636824301E349800CD562D /* PBXTargetDependency */,
			);
			name = chime;
			productName = chime;
			productReference = 3963681B301E349800CD562D /* chime.app */;
			productType = "com.apple.product-type.application";
		};
		39636820301E349800CD562D /* chime Watch App */ = {
			isa = PBXNativeTarget;
			buildConfigurationList = 3963682E301E349900CD562D /* Build configuration list for PBXNativeTarget "chime Watch App" */;
			buildPhases = (
				3963681D301E349800CD562D /* Sources */,
				3963681E301E349800CD562D /* Frameworks */,
				3963681F301E349800CD562D /* Resources */,
				BE0900D124F91336F26FF950 /* Embed App Extensions */,
			);
			buildRules = (
			);
			dependencies = (
				58BBDBDA9D8758DDCF9B90B5 /* PBXTargetDependency */,
			);
			fileSystemSynchronizedGroups = (
				39636825301E349800CD562D /* chime Watch App */,
			);
			name = "chime Watch App";
			productName = "chime Watch App";
			productReference = 39636821301E349800CD562D /* chime Watch App.app */;
			productType = "com.apple.product-type.application";
		};
		8FD1736AF651F8578D26351B /* Chime Widgets */ = {
			isa = PBXNativeTarget;
			buildConfigurationList = 74121E7DBA1D3DF310DD3FD2 /* Build configuration list for PBXNativeTarget "Chime Widgets" */;
			buildPhases = (
				7DD4A6B18AA28E12467B84AD /* Sources */,
				FC646C7F44C2D7F8ACD8937D /* Frameworks */,
				D68B5A389756043237D8C6D7 /* Resources */,
			);
			buildRules = (
			);
			dependencies = (
			);
			name = "Chime Widgets";
			productName = "Chime Widgets";
			productReference = 03321FEDF8462E4D150A7E18 /* Chime Widgets.appex */;
			productType = "com.apple.product-type.app-extension";
		};
/* End PBXNativeTarget section */

/* Begin PBXProject section */
		39636815301E349800CD562D /* Project object */ = {
			isa = PBXProject;
			attributes = {
				BuildIndependentTargetsInParallel = 1;
				LastSwiftUpdateCheck = 2660;
				LastUpgradeCheck = 2660;
				TargetAttributes = {
					3963681A301E349800CD562D = {
						CreatedOnToolsVersion = 26.6;
					};
					39636820301E349800CD562D = {
						CreatedOnToolsVersion = 26.6;
					};
				};
			};
			buildConfigurationList = 39636818301E349800CD562D /* Build configuration list for PBXProject "chime" */;
			developmentRegion = en;
			hasScannedForEncodings = 0;
			knownRegions = (
				en,
				Base,
			);
			mainGroup = 39636814301E349800CD562D;
			minimizedProjectReferenceProxies = 1;
			preferredProjectObjectVersion = 77;
			productRefGroup = 3963681C301E349800CD562D /* Products */;
			projectDirPath = "";
			projectRoot = "";
			targets = (
				3963681A301E349800CD562D /* chime */,
				39636820301E349800CD562D /* chime Watch App */,
				8FD1736AF651F8578D26351B /* Chime Widgets */,
			);
		};
/* End PBXProject section */

/* Begin PBXResourcesBuildPhase section */
		39636819301E349800CD562D /* Resources */ = {
			isa = PBXResourcesBuildPhase;
			buildActionMask = 2147483647;
			files = (
				C587EEA366BD0932EAC18551 /* Assets.xcassets in Resources */,
				6CEA21DA98675D116FF6F7EC /* SharedAssets.xcassets in Resources */,
				D98BA5BA46BA8EABB436E7DE /* PrivacyInfo.xcprivacy in Resources */,
			);
			runOnlyForDeploymentPostprocessing = 0;
		};
		3963681F301E349800CD562D /* Resources */ = {
			isa = PBXResourcesBuildPhase;
			buildActionMask = 2147483647;
			files = (
			);
			runOnlyForDeploymentPostprocessing = 0;
		};
		D68B5A389756043237D8C6D7 /* Resources */ = {
			isa = PBXResourcesBuildPhase;
			buildActionMask = 2147483647;
			files = (
				0449A72BD2E2E764A0B15A3D /* soap-bubble.png in Resources */,
			);
			runOnlyForDeploymentPostprocessing = 0;
		};
/* End PBXResourcesBuildPhase section */

/* Begin PBXSourcesBuildPhase section */
		3963681D301E349800CD562D /* Sources */ = {
			isa = PBXSourcesBuildPhase;
			buildActionMask = 2147483647;
			files = (
			);
			runOnlyForDeploymentPostprocessing = 0;
		};
		7DD4A6B18AA28E12467B84AD /* Sources */ = {
			isa = PBXSourcesBuildPhase;
			buildActionMask = 2147483647;
			files = (
				81BDB79D065A02B17F126934 /* ChimeWidget.swift in Sources */,
			);
			runOnlyForDeploymentPostprocessing = 0;
		};
		A6DB26D4240595DF45D23D5D /* Sources */ = {
			isa = PBXSourcesBuildPhase;
			buildActionMask = 2147483647;
			files = (
				A0F0BD93822ACAD175D09FED /* ChimeShortcuts.swift in Sources */,
				B6E043961CA81E329DAF7C39 /* AgentSessionManager.swift in Sources */,
				073729CF24A478FD0F52BCD7 /* CompanionConnection.swift in Sources */,
				D00DCFB3C6283F1DC5517BCD /* ConversationStore.swift in Sources */,
				0213A872733D259A3BBDF6F4 /* LiveAudioCodec.swift in Sources */,
				D82BD1EB1F00FACB08C7E8F8 /* MemoryStore.swift in Sources */,
				7832D1537F240007DCF95E71 /* AppSettings.swift in Sources */,
				8611C31B2E7AAEC6E18B7A20 /* ChimeNavigation.swift in Sources */,
				59627CBB8D80CAADD188BEEA /* Message.swift in Sources */,
				AD66938E6CA8F1C6976FD92D /* ConnectionSettingsView.swift in Sources */,
				8D23B3ADBA6E4135C1A68CC3 /* ContentView.swift in Sources */,
				6926598D7C5C7734B98885E9 /* MessageListView.swift in Sources */,
				21D9848556ABF7D6E57A9787 /* SettingsView.swift in Sources */,
				F456F0DDCBDFAE41AB6E2CE6 /* SoapBubbleView.swift in Sources */,
				5F9B095FCBD81DF95AC80DE1 /* VoiceControlView.swift in Sources */,
				CDEB14ABD2DD977A0270A633 /* chimeApp.swift in Sources */,
			);
			runOnlyForDeploymentPostprocessing = 0;
		};
/* End PBXSourcesBuildPhase section */

/* Begin PBXTargetDependency section */
		39636824301E349800CD562D /* PBXTargetDependency */ = {
			isa = PBXTargetDependency;
			target = 39636820301E349800CD562D /* chime Watch App */;
			targetProxy = 39636823301E349800CD562D /* PBXContainerItemProxy */;
		};
		58BBDBDA9D8758DDCF9B90B5 /* PBXTargetDependency */ = {
			isa = PBXTargetDependency;
			name = "Chime Widgets";
			target = 8FD1736AF651F8578D26351B /* Chime Widgets */;
			targetProxy = 98CAF74B650E07311934EFA7 /* PBXContainerItemProxy */;
		};
/* End PBXTargetDependency section */

/* Begin XCBuildConfiguration section */
		3963682C301E349900CD562D /* Debug */ = {
			isa = XCBuildConfiguration;
			buildSettings = {
				ALWAYS_SEARCH_USER_PATHS = NO;
				ASSETCATALOG_COMPILER_GENERATE_SWIFT_ASSET_SYMBOL_EXTENSIONS = YES;
				CLANG_ANALYZER_NONNULL = YES;
				CLANG_ANALYZER_NUMBER_OBJECT_CONVERSION = YES_AGGRESSIVE;
				CLANG_CXX_LANGUAGE_STANDARD = "gnu++20";
				CLANG_ENABLE_MODULES = YES;
				CLANG_ENABLE_OBJC_ARC = YES;
				CLANG_ENABLE_OBJC_WEAK = YES;
				CLANG_WARN_BLOCK_CAPTURE_AUTORELEASING = YES;
				CLANG_WARN_BOOL_CONVERSION = YES;
				CLANG_WARN_COMMA = YES;
				CLANG_WARN_CONSTANT_CONVERSION = YES;
				CLANG_WARN_DEPRECATED_OBJC_IMPLEMENTATIONS = YES;
				CLANG_WARN_DIRECT_OBJC_ISA_USAGE = YES_ERROR;
				CLANG_WARN_DOCUMENTATION_COMMENTS = YES;
				CLANG_WARN_EMPTY_BODY = YES;
				CLANG_WARN_ENUM_CONVERSION = YES;
				CLANG_WARN_INFINITE_RECURSION = YES;
				CLANG_WARN_INT_CONVERSION = YES;
				CLANG_WARN_NON_LITERAL_NULL_CONVERSION = YES;
				CLANG_WARN_OBJC_IMPLICIT_RETAIN_SELF = YES;
				CLANG_WARN_OBJC_LITERAL_CONVERSION = YES;
				CLANG_WARN_OBJC_ROOT_CLASS = YES_ERROR;
				CLANG_WARN_QUOTED_INCLUDE_IN_FRAMEWORK_HEADER = YES;
				CLANG_WARN_RANGE_LOOP_ANALYSIS = YES;
				CLANG_WARN_STRICT_PROTOTYPES = YES;
				CLANG_WARN_SUSPICIOUS_MOVE = YES;
				CLANG_WARN_UNGUARDED_AVAILABILITY = YES_AGGRESSIVE;
				CLANG_WARN_UNREACHABLE_CODE = YES;
				CLANG_WARN__DUPLICATE_METHOD_MATCH = YES;
				COPY_PHASE_STRIP = NO;
				DEBUG_INFORMATION_FORMAT = dwarf;
				DEVELOPMENT_TEAM = Q37KAF726J;
				ENABLE_STRICT_OBJC_MSGSEND = YES;
				ENABLE_TESTABILITY = YES;
				ENABLE_USER_SCRIPT_SANDBOXING = YES;
				GCC_C_LANGUAGE_STANDARD = gnu17;
				GCC_DYNAMIC_NO_PIC = NO;
				GCC_NO_COMMON_BLOCKS = YES;
				GCC_OPTIMIZATION_LEVEL = 0;
				GCC_PREPROCESSOR_DEFINITIONS = (
					"DEBUG=1",
					"$(inherited)",
				);
				GCC_WARN_64_TO_32_BIT_CONVERSION = YES;
				GCC_WARN_ABOUT_RETURN_TYPE = YES_ERROR;
				GCC_WARN_UNDECLARED_SELECTOR = YES;
				GCC_WARN_UNINITIALIZED_AUTOS = YES_AGGRESSIVE;
				GCC_WARN_UNUSED_FUNCTION = YES;
				GCC_WARN_UNUSED_VARIABLE = YES;
				LOCALIZATION_PREFERS_STRING_CATALOGS = YES;
				MTL_ENABLE_DEBUG_INFO = INCLUDE_SOURCE;
				MTL_FAST_MATH = YES;
				ONLY_ACTIVE_ARCH = YES;
				SWIFT_ACTIVE_COMPILATION_CONDITIONS = "DEBUG $(inherited)";
				SWIFT_OPTIMIZATION_LEVEL = "-Onone";
			};
			name = Debug;
		};
		3963682D301E349900CD562D /* Release */ = {
			isa = XCBuildConfiguration;
			buildSettings = {
				ALWAYS_SEARCH_USER_PATHS = NO;
				ASSETCATALOG_COMPILER_GENERATE_SWIFT_ASSET_SYMBOL_EXTENSIONS = YES;
				CLANG_ANALYZER_NONNULL = YES;
				CLANG_ANALYZER_NUMBER_OBJECT_CONVERSION = YES_AGGRESSIVE;
				CLANG_CXX_LANGUAGE_STANDARD = "gnu++20";
				CLANG_ENABLE_MODULES = YES;
				CLANG_ENABLE_OBJC_ARC = YES;
				CLANG_ENABLE_OBJC_WEAK = YES;
				CLANG_WARN_BLOCK_CAPTURE_AUTORELEASING = YES;
				CLANG_WARN_BOOL_CONVERSION = YES;
				CLANG_WARN_COMMA = YES;
				CLANG_WARN_CONSTANT_CONVERSION = YES;
				CLANG_WARN_DEPRECATED_OBJC_IMPLEMENTATIONS = YES;
				CLANG_WARN_DIRECT_OBJC_ISA_USAGE = YES_ERROR;
				CLANG_WARN_DOCUMENTATION_COMMENTS = YES;
				CLANG_WARN_EMPTY_BODY = YES;
				CLANG_WARN_ENUM_CONVERSION = YES;
				CLANG_WARN_INFINITE_RECURSION = YES;
				CLANG_WARN_INT_CONVERSION = YES;
				CLANG_WARN_NON_LITERAL_NULL_CONVERSION = YES;
				CLANG_WARN_OBJC_IMPLICIT_RETAIN_SELF = YES;
				CLANG_WARN_OBJC_LITERAL_CONVERSION = YES;
				CLANG_WARN_OBJC_ROOT_CLASS = YES_ERROR;
				CLANG_WARN_QUOTED_INCLUDE_IN_FRAMEWORK_HEADER = YES;
				CLANG_WARN_RANGE_LOOP_ANALYSIS = YES;
				CLANG_WARN_STRICT_PROTOTYPES = YES;
				CLANG_WARN_SUSPICIOUS_MOVE = YES;
				CLANG_WARN_UNGUARDED_AVAILABILITY = YES_AGGRESSIVE;
				CLANG_WARN_UNREACHABLE_CODE = YES;
				CLANG_WARN__DUPLICATE_METHOD_MATCH = YES;
				COPY_PHASE_STRIP = NO;
				DEBUG_INFORMATION_FORMAT = "dwarf-with-dsym";
				DEVELOPMENT_TEAM = Q37KAF726J;
				ENABLE_NS_ASSERTIONS = NO;
				ENABLE_STRICT_OBJC_MSGSEND = YES;
				ENABLE_USER_SCRIPT_SANDBOXING = YES;
				GCC_C_LANGUAGE_STANDARD = gnu17;
				GCC_NO_COMMON_BLOCKS = YES;
				GCC_WARN_64_TO_32_BIT_CONVERSION = YES;
				GCC_WARN_ABOUT_RETURN_TYPE = YES_ERROR;
				GCC_WARN_UNDECLARED_SELECTOR = YES;
				GCC_WARN_UNINITIALIZED_AUTOS = YES_AGGRESSIVE;
				GCC_WARN_UNUSED_FUNCTION = YES;
				GCC_WARN_UNUSED_VARIABLE = YES;
				LOCALIZATION_PREFERS_STRING_CATALOGS = YES;
				MTL_ENABLE_DEBUG_INFO = NO;
				MTL_FAST_MATH = YES;
				SWIFT_COMPILATION_MODE = wholemodule;
			};
			name = Release;
		};
		3963682F301E349900CD562D /* Debug */ = {
			isa = XCBuildConfiguration;
			buildSettings = {
				ASSETCATALOG_COMPILER_APPICON_NAME = AppIcon;
				ASSETCATALOG_COMPILER_GLOBAL_ACCENT_COLOR_NAME = AccentColor;
				CODE_SIGN_STYLE = Automatic;
				CURRENT_PROJECT_VERSION = 3;
				DEVELOPMENT_TEAM = Q37KAF726J;
				ENABLE_PREVIEWS = YES;
				GENERATE_INFOPLIST_FILE = YES;
				INFOPLIST_FILE = "watch/Chime-Info.plist";
				INFOPLIST_KEY_CFBundleDisplayName = chime;
				INFOPLIST_KEY_NSMicrophoneUsageDescription = "Chime uses your microphone for live voice conversations.";
				INFOPLIST_KEY_UISupportedInterfaceOrientations = "UIInterfaceOrientationPortrait UIInterfaceOrientationPortraitUpsideDown";
				INFOPLIST_KEY_WKCompanionAppBundleIdentifier = maxonary.chime;
				INFOPLIST_KEY_WKRunsIndependentlyOfCompanionApp = YES;
				LD_RUNPATH_SEARCH_PATHS = (
					"$(inherited)",
					"@executable_path/Frameworks",
				);
				MARKETING_VERSION = 1.0;
				PRODUCT_BUNDLE_IDENTIFIER = maxonary.chime.watchkitapp;
				PRODUCT_NAME = "$(TARGET_NAME)";
				SDKROOT = watchos;
				SKIP_INSTALL = YES;
				STRING_CATALOG_GENERATE_SYMBOLS = YES;
				SWIFT_APPROACHABLE_CONCURRENCY = YES;
				SWIFT_DEFAULT_ACTOR_ISOLATION = MainActor;
				SWIFT_EMIT_LOC_STRINGS = YES;
				SWIFT_UPCOMING_FEATURE_MEMBER_IMPORT_VISIBILITY = YES;
				SWIFT_VERSION = 5.0;
				TARGETED_DEVICE_FAMILY = 4;
				WATCHOS_DEPLOYMENT_TARGET = 26.5;
			};
			name = Debug;
		};
		39636830301E349900CD562D /* Release */ = {
			isa = XCBuildConfiguration;
			buildSettings = {
				ASSETCATALOG_COMPILER_APPICON_NAME = AppIcon;
				ASSETCATALOG_COMPILER_GLOBAL_ACCENT_COLOR_NAME = AccentColor;
				CODE_SIGN_STYLE = Automatic;
				CURRENT_PROJECT_VERSION = 3;
				DEVELOPMENT_TEAM = Q37KAF726J;
				ENABLE_PREVIEWS = YES;
				GENERATE_INFOPLIST_FILE = YES;
				INFOPLIST_FILE = "watch/Chime-Info.plist";
				INFOPLIST_KEY_CFBundleDisplayName = chime;
				INFOPLIST_KEY_NSMicrophoneUsageDescription = "Chime uses your microphone for live voice conversations.";
				INFOPLIST_KEY_UISupportedInterfaceOrientations = "UIInterfaceOrientationPortrait UIInterfaceOrientationPortraitUpsideDown";
				INFOPLIST_KEY_WKCompanionAppBundleIdentifier = maxonary.chime;
				INFOPLIST_KEY_WKRunsIndependentlyOfCompanionApp = YES;
				LD_RUNPATH_SEARCH_PATHS = (
					"$(inherited)",
					"@executable_path/Frameworks",
				);
				MARKETING_VERSION = 1.0;
				PRODUCT_BUNDLE_IDENTIFIER = maxonary.chime.watchkitapp;
				PRODUCT_NAME = "$(TARGET_NAME)";
				SDKROOT = watchos;
				SKIP_INSTALL = YES;
				STRING_CATALOG_GENERATE_SYMBOLS = YES;
				SWIFT_APPROACHABLE_CONCURRENCY = YES;
				SWIFT_DEFAULT_ACTOR_ISOLATION = MainActor;
				SWIFT_EMIT_LOC_STRINGS = YES;
				SWIFT_UPCOMING_FEATURE_MEMBER_IMPORT_VISIBILITY = YES;
				SWIFT_VERSION = 5.0;
				TARGETED_DEVICE_FAMILY = 4;
				VALIDATE_PRODUCT = YES;
				WATCHOS_DEPLOYMENT_TARGET = 26.5;
			};
			name = Release;
		};
		39636833301E349900CD562D /* Debug */ = {
			isa = XCBuildConfiguration;
			buildSettings = {
				ASSETCATALOG_COMPILER_APPICON_NAME = AppIcon;
				CODE_SIGN_STYLE = Automatic;
				CURRENT_PROJECT_VERSION = 3;
				DEVELOPMENT_TEAM = Q37KAF726J;
				GENERATE_INFOPLIST_FILE = YES;
				INFOPLIST_FILE = "watch/Chime-Info.plist";
				INFOPLIST_KEY_CFBundleDisplayName = Chime;
				INFOPLIST_KEY_NSMicrophoneUsageDescription = "Chime uses your microphone for live voice conversations.";
				INFOPLIST_KEY_UIApplicationSceneManifest_Generation = YES;
				INFOPLIST_KEY_UILaunchScreen_Generation = YES;
				INFOPLIST_KEY_UISupportedInterfaceOrientations = UIInterfaceOrientationPortrait;
				IPHONEOS_DEPLOYMENT_TARGET = 26.5;
				LD_RUNPATH_SEARCH_PATHS = (
					"$(inherited)",
					"@executable_path/Frameworks",
				);
				MARKETING_VERSION = 1.0;
				PRODUCT_BUNDLE_IDENTIFIER = maxonary.chime;
				PRODUCT_NAME = "$(TARGET_NAME)";
				SDKROOT = iphoneos;
				SUPPORTED_PLATFORMS = "iphoneos iphonesimulator";
				SWIFT_APPROACHABLE_CONCURRENCY = YES;
				SWIFT_DEFAULT_ACTOR_ISOLATION = MainActor;
				SWIFT_UPCOMING_FEATURE_MEMBER_IMPORT_VISIBILITY = YES;
				SWIFT_VERSION = 5.0;
				TARGETED_DEVICE_FAMILY = 1;
			};
			name = Debug;
		};
		39636834301E349900CD562D /* Release */ = {
			isa = XCBuildConfiguration;
			buildSettings = {
				ASSETCATALOG_COMPILER_APPICON_NAME = AppIcon;
				CODE_SIGN_STYLE = Automatic;
				CURRENT_PROJECT_VERSION = 3;
				DEVELOPMENT_TEAM = Q37KAF726J;
				GENERATE_INFOPLIST_FILE = YES;
				INFOPLIST_FILE = "watch/Chime-Info.plist";
				INFOPLIST_KEY_CFBundleDisplayName = Chime;
				INFOPLIST_KEY_NSMicrophoneUsageDescription = "Chime uses your microphone for live voice conversations.";
				INFOPLIST_KEY_UIApplicationSceneManifest_Generation = YES;
				INFOPLIST_KEY_UILaunchScreen_Generation = YES;
				INFOPLIST_KEY_UISupportedInterfaceOrientations = UIInterfaceOrientationPortrait;
				IPHONEOS_DEPLOYMENT_TARGET = 26.5;
				LD_RUNPATH_SEARCH_PATHS = (
					"$(inherited)",
					"@executable_path/Frameworks",
				);
				MARKETING_VERSION = 1.0;
				PRODUCT_BUNDLE_IDENTIFIER = maxonary.chime;
				PRODUCT_NAME = "$(TARGET_NAME)";
				SDKROOT = iphoneos;
				SUPPORTED_PLATFORMS = "iphoneos iphonesimulator";
				SWIFT_APPROACHABLE_CONCURRENCY = YES;
				SWIFT_DEFAULT_ACTOR_ISOLATION = MainActor;
				SWIFT_UPCOMING_FEATURE_MEMBER_IMPORT_VISIBILITY = YES;
				SWIFT_VERSION = 5.0;
				TARGETED_DEVICE_FAMILY = 1;
				VALIDATE_PRODUCT = YES;
			};
			name = Release;
		};
		6862E91B13EF8D76B08277B2 /* Release */ = {
			isa = XCBuildConfiguration;
			buildSettings = {
				APPLICATION_EXTENSION_API_ONLY = YES;
				CODE_SIGN_STYLE = Automatic;
				CURRENT_PROJECT_VERSION = 3;
				DEVELOPMENT_TEAM = Q37KAF726J;
				GENERATE_INFOPLIST_FILE = YES;
				INFOPLIST_FILE = "Chime Widgets/Info.plist";
				INFOPLIST_KEY_CFBundleDisplayName = Chime;
				LD_RUNPATH_SEARCH_PATHS = (
					"$(inherited)",
					"@executable_path/Frameworks",
					"@executable_path/../../Frameworks",
				);
				MARKETING_VERSION = 1.0;
				PRODUCT_BUNDLE_IDENTIFIER = maxonary.chime.watchkitapp.widgets;
				PRODUCT_NAME = "$(TARGET_NAME)";
				SDKROOT = watchos;
				SKIP_INSTALL = YES;
				SWIFT_VERSION = 5.0;
				TARGETED_DEVICE_FAMILY = 4;
				VALIDATE_PRODUCT = YES;
				WATCHOS_DEPLOYMENT_TARGET = 26.5;
			};
			name = Release;
		};
		C243EAB0A1AD813EE9EEA525 /* Debug */ = {
			isa = XCBuildConfiguration;
			buildSettings = {
				APPLICATION_EXTENSION_API_ONLY = YES;
				CODE_SIGN_STYLE = Automatic;
				CURRENT_PROJECT_VERSION = 3;
				DEVELOPMENT_TEAM = Q37KAF726J;
				GENERATE_INFOPLIST_FILE = YES;
				INFOPLIST_FILE = "Chime Widgets/Info.plist";
				INFOPLIST_KEY_CFBundleDisplayName = Chime;
				LD_RUNPATH_SEARCH_PATHS = (
					"$(inherited)",
					"@executable_path/Frameworks",
					"@executable_path/../../Frameworks",
				);
				MARKETING_VERSION = 1.0;
				PRODUCT_BUNDLE_IDENTIFIER = maxonary.chime.watchkitapp.widgets;
				PRODUCT_NAME = "$(TARGET_NAME)";
				SDKROOT = watchos;
				SKIP_INSTALL = YES;
				SWIFT_VERSION = 5.0;
				TARGETED_DEVICE_FAMILY = 4;
				WATCHOS_DEPLOYMENT_TARGET = 26.5;
			};
			name = Debug;
		};
/* End XCBuildConfiguration section */

/* Begin XCConfigurationList section */
		39636818301E349800CD562D /* Build configuration list for PBXProject "chime" */ = {
			isa = XCConfigurationList;
			buildConfigurations = (
				3963682C301E349900CD562D /* Debug */,
				3963682D301E349900CD562D /* Release */,
			);
			defaultConfigurationIsVisible = 0;
			defaultConfigurationName = Release;
		};
		3963682E301E349900CD562D /* Build configuration list for PBXNativeTarget "chime Watch App" */ = {
			isa = XCConfigurationList;
			buildConfigurations = (
				3963682F301E349900CD562D /* Debug */,
				39636830301E349900CD562D /* Release */,
			);
			defaultConfigurationIsVisible = 0;
			defaultConfigurationName = Release;
		};
		39636832301E349900CD562D /* Build configuration list for PBXNativeTarget "chime" */ = {
			isa = XCConfigurationList;
			buildConfigurations = (
				39636833301E349900CD562D /* Debug */,
				39636834301E349900CD562D /* Release */,
			);
			defaultConfigurationIsVisible = 0;
			defaultConfigurationName = Release;
		};
		74121E7DBA1D3DF310DD3FD2 /* Build configuration list for PBXNativeTarget "Chime Widgets" */ = {
			isa = XCConfigurationList;
			buildConfigurations = (
				6862E91B13EF8D76B08277B2 /* Release */,
				C243EAB0A1AD813EE9EEA525 /* Debug */,
			);
			defaultConfigurationIsVisible = 0;
			defaultConfigurationName = Release;
		};
/* End XCConfigurationList section */
	};
	rootObject = 39636815301E349800CD562D /* Project object */;
}
